
Microsoft Visual Studio Solution File, Format Version 12.00
# Visual Studio 15
VisualStudioVersion = 15.0.28010.2046
MinimumVisualStudioVersion = 10.0.40219.1
Project("{FAE04EC0-301F-11D3-BF4B-00C04F79EFBC}") = "Nhom20_Nguyen_Tai", "Nhom20_Nguyen_Tai\Nhom20_Nguyen_Tai.csproj", "{E2F78112-AF81-4A6A-A4C4-4153BC6E217B}"
EndProject
Global
	GlobalSection(SolutionConfigurationPlatforms) = preSolution
		Debug|Any CPU = Debug|Any CPU
		Release|Any CPU = Release|Any CPU
	EndGlobalSection
	GlobalSection(ProjectConfigurationPlatforms) = postSolution
		{E2F78112-AF81-4A6A-A4C4-4153BC6E217B}.Debug|Any CPU.ActiveCfg = Debug|Any CPU
		{E2F78112-AF81-4A6A-A4C4-4153BC6E217B}.Debug|Any CPU.Build.0 = Debug|Any CPU
		{E2F78112-AF81-4A6A-A4C4-4153BC6E217B}.Release|Any CPU.ActiveCfg = Release|Any CPU
		{E2F78112-AF81-4A6A-A4C4-4153BC6E217B}.Release|Any CPU.Build.0 = Release|Any CPU
	EndGlobalSection
	GlobalSection(SolutionProperties) = preSolution
		HideSolutionNode = FALSE
	EndGlobalSection
	GlobalSection(ExtensibilityGlobals) = postSolution
		SolutionGuid = {EE9D95D7-3033-4637-B3C2-D7EB151F6099}
	EndGlobalSection
EndGlobal
